// !$*UTF8*$!
{
	archiveVersion = 1;
	classes = {
	};
	objectVersion = 50;
	objects = {

/* Begin PBXBuildFile section */
		33415ED021D711BA001C069D /* AppDelegate.m in Sources */ = {isa = PBXBuildFile; fileRef = 33415ECF21D711BA001C069D /* AppDelegate.m */; };
		33415ED321D711BA001C069D /* ViewController.m in Sources */ = {isa = PBXBuildFile; fileRef = 33415ED221D711BA001C069D /* ViewController.m */; };
		33415ED621D711BA001C069D /* Main.storyboard in Resources */ = {isa = PBXBuildFile; fileRef = 33415ED421D711BA001C069D /* Main.storyboard */; };
		33415ED821D711BC001C069D /* Assets.xcassets in Resources */ = {isa = PBXBuildFile; fileRef = 33415ED721D711BC001C069D /* Assets.xcassets */; };
		33415EDB21D711BC001C069D /* LaunchScreen.storyboard in Resources */ = {isa = PBXBuildFile; fileRef = 33415ED921D711BC001C069D /* LaunchScreen.storyboard */; };
		33415EDE21D711BC001C069D /* main.m in Sources */ = {isa = PBXBuildFile; fileRef = 33415EDD21D711BC001C069D /* main.m */; };
		33415EE521D711D0001C069D /* Config.plist in Resources */ = {isa = PBXBuildFile; fileRef = 33415EE421D711D0001C069D /* Config.plist */; };
		33415EE821D71274001C069D /* ParseConfig.m in Sources */ = {isa = PBXBuildFile; fileRef = 33415EE721D71274001C069D /* ParseConfig.m */; };
		33415EEB21D716C6001C069D /* SingleParseConfig.m in Sources */ = {isa = PBXBuildFile; fileRef = 33415EEA21D716C6001C069D /* SingleParseConfig.m */; };
/* End PBXBuildFile section */

/* Begin PBXFileReference section */
		33415ECB21D711BA001C069D /* 单例模式.app */ = {isa = PBXFileReference; explicitFileType = wrapper.application; includeInIndex = 0; path = "单例模式.app"; sourceTree = BUILT_PRODUCTS_DIR; };
		33415ECE21D711BA001C069D /* AppDelegate.h */ = {isa = PBXFileReference; lastKnownFileType = sourcecode.c.h; path = AppDelegate.h; sourceTree = "<group>"; };
		33415ECF21D711BA001C069D /* AppDelegate.m */ = {isa = PBXFileReference; lastKnownFileType = sourcecode.c.objc; path = AppDelegate.m; sourceTree = "<group>"; };
		33415ED121D711BA001C069D /* ViewController.h */ = {isa = PBXFileReference; lastKnownFileType = sourcecode.c.h; path = ViewController.h; sourceTree = "<group>"; };
		33415ED221D711BA001C069D /* ViewController.m */ = {isa = PBXFileReference; lastKnownFileType = sourcecode.c.objc; path = ViewController.m; sourceTree = "<group>"; };
		33415ED521D711BA001C069D /* Base */ = {isa = PBXFileReference; lastKnownFileType = file.storyboard; name = Base; path = Base.lproj/Main.storyboard; sourceTree = "<group>"; };
		33415ED721D711BC001C069D /* Assets.xcassets */ = {isa = PBXFileReference; lastKnownFileType = folder.assetcatalog; path = Assets.xcassets; sourceTree = "<group>"; };
		33415EDA21D711BC001C069D /* Base */ = {isa = PBXFileReference; lastKnownFileType = file.storyboard; name = Base; path = Base.lproj/LaunchScreen.storyboard; sourceTree = "<group>"; };
		33415EDC21D711BC001C069D /* Info.plist */ = {isa = PBXFileReference; lastKnownFileType = text.plist.xml; path = Info.plist; sourceTree = "<group>"; };
		33415EDD21D711BC001C069D /* main.m */ = {isa = PBXFileReference; lastKnownFileType = sourcecode.c.objc; path = main.m; sourceTree = "<group>"; };
		33415EE421D711D0001C069D /* Config.plist */ = {isa = PBXFileReference; lastKnownFileType = text.plist.xml; path = Config.plist; sourceTree = "<group>"; };
		33415EE621D71274001C069D /* ParseConfig.h */ = {isa = PBXFileReference; lastKnownFileType = sourcecode.c.h; path = ParseConfig.h; sourceTree = "<group>"; };
		33415EE721D71274001C069D /* ParseConfig.m */ = {isa = PBXFileReference; lastKnownFileType = sourcecode.c.objc; path = ParseConfig.m; sourceTree = "<group>"; };
		33415EE921D716C6001C069D /* SingleParseConfig.h */ = {isa = PBXFileReference; lastKnownFileType = sourcecode.c.h; path = SingleParseConfig.h; sourceTree = "<group>"; };
		33415EEA21D716C6001C069D /* SingleParseConfig.m */ = {isa = PBXFileReference; lastKnownFileType = sourcecode.c.objc; path = SingleParseConfig.m; sourceTree = "<group>"; };
/* End PBXFileReference section */

/* Begin PBXFrameworksBuildPhase section */
		33415EC821D711BA001C069D /* Frameworks */ = {
			isa = PBXFrameworksBuildPhase;
			buildActionMask = 2147483647;
			files = (
			);
			runOnlyForDeploymentPostprocessing = 0;
		};
/* End PBXFrameworksBuildPhase section */

/* Begin PBXGroup section */
		33415EC221D711BA001C069D = {
			isa = PBXGroup;
			children = (
				33415ECD21D711BA001C069D /* 单例模式 */,
				33415ECC21D711BA001C069D /* Products */,
			);
			sourceTree = "<group>";
		};
		33415ECC21D711BA001C069D /* Products */ = {
			isa = PBXGroup;
			children = (
				33415ECB21D711BA001C069D /* 单例模式.app */,
			);
			name = Products;
			sourceTree = "<group>";
		};
		33415ECD21D711BA001C069D /* 单例模式 */ = {
			isa = PBXGroup;
			children = (
				33415ECE21D711BA001C069D /* AppDelegate.h */,
				33415ECF21D711BA001C069D /* AppDelegate.m */,
				33415ED121D711BA001C069D /* ViewController.h */,
				33415ED221D711BA001C069D /* ViewController.m */,
				33415ED421D711BA001C069D /* Main.storyboard */,
				33415ED721D711BC001C069D /* Assets.xcassets */,
				33415ED921D711BC001C069D /* LaunchScreen.storyboard */,
				33415EDC21D711BC001C069D /* Info.plist */,
				33415EDD21D711BC001C069D /* main.m */,
				33415EE421D711D0001C069D /* Config.plist */,
				33415EE621D71274001C069D /* ParseConfig.h */,
				33415EE721D71274001C069D /* ParseConfig.m */,
				33415EE921D716C6001C069D /* SingleParseConfig.h */,
				33415EEA21D716C6001C069D /* SingleParseConfig.m */,
			);
			path = "单例模式";
			sourceTree = "<group>";
		};
/* End PBXGroup section */

/* Begin PBXNativeTarget section */
		33415ECA21D711BA001C069D /* 单例模式 */ = {
			isa = PBXNativeTarget;
			buildConfigurationList = 33415EE121D711BC001C069D /* Build configuration list for PBXNativeTarget "单例模式" */;
			buildPhases = (
				33415EC721D711BA001C069D /* Sources */,
				33415EC821D711BA001C069D /* Frameworks */,
				33415EC921D711BA001C069D /* Resources */,
			);
			buildRules = (
			);
			dependencies = (
			);
			name = "单例模式";
			productName = "单例模式";
			productReference = 33415ECB21D711BA001C069D /* 单例模式.app */;
			productType = "com.apple.product-type.application";
		};
/* End PBXNativeTarget section */

/* Begin PBXProject section */
		33415EC321D711BA001C069D /* Project object */ = {
			isa = PBXProject;
			attributes = {
				LastUpgradeCheck = 1010;
				ORGANIZATIONNAME = allyoga;
				TargetAttributes = {
					33415ECA21D711BA001C069D = {
						CreatedOnToolsVersion = 10.1;
					};
				};
			};
			buildConfigurationList = 33415EC621D711BA001C069D /* Build configuration list for PBXProject "单例模式" */;
			compatibilityVersion = "Xcode 9.3";
			developmentRegion = en;
			hasScannedForEncodings = 0;
			knownRegions = (
				en,
				Base,
			);
			mainGroup = 33415EC221D711BA001C069D;
			productRefGroup = 33415ECC21D711BA001C069D /* Products */;
			projectDirPath = "";
			projectRoot = "";
			targets = (
				33415ECA21D711BA001C069D /* 单例模式 */,
			);
		};
/* End PBXProject section */

/* Begin PBXResourcesBuildPhase section */
		33415EC921D711BA001C069D /* Resources */ = {
			isa = PBXResourcesBuildPhase;
			buildActionMask = 2147483647;
			files = (
				33415EE521D711D0001C069D /* Config.plist in Resources */,
				33415EDB21D711BC001C069D /* LaunchScreen.storyboard in Resources */,
				33415ED821D711BC001C069D /* Assets.xcassets in Resources */,
				33415ED621D711BA001C069D /* Main.storyboard in Resources */,
			);
			runOnlyForDeploymentPostprocessing = 0;
		};
/* End PBXResourcesBuildPhase section */

/* Begin PBXSourcesBuildPhase section */
		33415EC721D711BA001C069D /* Sources */ = {
			isa = PBXSourcesBuildPhase;
			buildActionMask = 2147483647;
			files = (
				33415ED321D711BA001C069D /* ViewController.m in Sources */,
				33415EEB21D716C6001C069D /* SingleParseConfig.m in Sources */,
				33415EE821D71274001C069D /* ParseConfig.m in Sources */,
				33415EDE21D711BC001C069D /* main.m in Sources */,
				33415ED021D711BA001C069D /* AppDelegate.m in Sources */,
			);
			runOnlyForDeploymentPostprocessing = 0;
		};
/* End PBXSourcesBuildPhase section */

/* Begin PBXVariantGroup section */
		33415ED421D711BA001C069D /* Main.storyboard */ = {
			isa = PBXVariantGroup;
			children = (
				33415ED521D711BA001C069D /* Base */,
			);
			name = Main.storyboard;
			sourceTree = "<group>";
		};
		33415ED921D711BC001C069D /* LaunchScreen.storyboard */ = {
			isa = PBXVariantGroup;
			children = (
				33415EDA21D711BC001C069D /* Base */,
			);
			name = LaunchScreen.storyboard;
			sourceTree = "<group>";
		};
/* End PBXVariantGroup section */

/* Begin XCBuildConfiguration section */
		33415EDF21D711BC001C069D /* Debug */ = {
			isa = XCBuildConfiguration;
			buildSettings = {
				ALWAYS_SEARCH_USER_PATHS = NO;
				CLANG_ANALYZER_NONNULL = YES;
				CLANG_ANALYZER_NUMBER_OBJECT_CONVERSION = YES_AGGRESSIVE;
				CLANG_CXX_LANGUAGE_STANDARD = "gnu++14";
				CLANG_CXX_LIBRARY = "libc++";
				CLANG_ENABLE_MODULES = YES;
				CLANG_ENABLE_OBJC_ARC = YES;
				CLANG_ENABLE_OBJC_WEAK = YES;
				CLANG_WARN_BLOCK_CAPTURE_AUTORELEASING = YES;
				CLANG_WARN_BOOL_CONVERSION = YES;
				CLANG_WARN_COMMA = YES;
				CLANG_WARN_CONSTANT_CONVERSION = YES;
				CLANG_WARN_DEPRECATED_OBJC_IMPLEMENTATIONS = YES;
				CLANG_WARN_DIRECT_OBJC_ISA_USAGE = YES_ERROR;
				CLANG_WARN_DOCUMENTATION_COMMENTS = YES;
				CLANG_WARN_EMPTY_BODY = YES;
				CLANG_WARN_ENUM_CONVERSION = YES;
				CLANG_WARN_INFINITE_RECURSION = YES;
				CLANG_WARN_INT_CONVERSION = YES;
				CLANG_WARN_NON_LITERAL_NULL_CONVERSION = YES;
				CLANG_WARN_OBJC_IMPLICIT_RETAIN_SELF = YES;
				CLANG_WARN_OBJC_LITERAL_CONVERSION = YES;
				CLANG_WARN_OBJC_ROOT_CLASS = YES_ERROR;
				CLANG_WARN_RANGE_LOOP_ANALYSIS = YES;
				CLANG_WARN_STRICT_PROTOTYPES = YES;
				CLANG_WARN_SUSPICIOUS_MOVE = YES;
				CLANG_WARN_UNGUARDED_AVAILABILITY = YES_AGGRESSIVE;
				CLANG_WARN_UNREACHABLE_CODE = YES;
				CLANG_WARN__DUPLICATE_METHOD_MATCH = YES;
				CODE_SIGN_IDENTITY = "iPhone Developer";
				COPY_PHASE_STRIP = NO;
				DEBUG_INFORMATION_FORMAT = dwarf;
				ENABLE_STRICT_OBJC_MSGSEND = YES;
				ENABLE_TESTABILITY = YES;
				GCC_C_LANGUAGE_STANDARD = gnu11;
				GCC_DYNAMIC_NO_PIC = NO;
				GCC_NO_COMMON_BLOCKS = YES;
				GCC_OPTIMIZATION_LEVEL = 0;
				GCC_PREPROCESSOR_DEFINITIONS = (
					"DEBUG=1",
					"$(inherited)",
				);
				GCC_WARN_64_TO_32_BIT_CONVERSION = YES;
				GCC_WARN_ABOUT_RETURN_TYPE = YES_ERROR;
				GCC_WARN_UNDECLARED_SELECTOR = YES;
				GCC_WARN_UNINITIALIZED_AUTOS = YES_AGGRESSIVE;
				GCC_WARN_UNUSED_FUNCTION = YES;
				GCC_WARN_UNUSED_VARIABLE = YES;
				IPHONEOS_DEPLOYMENT_TARGET = 12.1;
				MTL_ENABLE_DEBUG_INFO = INCLUDE_SOURCE;
				MTL_FAST_MATH = YES;
				ONLY_ACTIVE_ARCH = YES;
				SDKROOT = iphoneos;
			};
			name = Debug;
		};
		33415EE021D711BC001C069D /* Release */ = {
			isa = XCBuildConfiguration;
			buildSettings = {
				ALWAYS_SEARCH_USER_PATHS = NO;
				CLANG_ANALYZER_NONNULL = YES;
				CLANG_ANALYZER_NUMBER_OBJECT_CONVERSION = YES_AGGRESSIVE;
				CLANG_CXX_LANGUAGE_STANDARD = "gnu++14";
				CLANG_CXX_LIBRARY = "libc++";
				CLANG_ENABLE_MODULES = YES;
				CLANG_ENABLE_OBJC_ARC = YES;
				CLANG_ENABLE_OBJC_WEAK = YES;
				CLANG_WARN_BLOCK_CAPTURE_AUTORELEASING = YES;
				CLANG_WARN_BOOL_CONVERSION = YES;
				CLANG_WARN_COMMA = YES;
				CLANG_WARN_CONSTANT_CONVERSION = YES;
				CLANG_WARN_DEPRECATED_OBJC_IMPLEMENTATIONS = YES;
				CLANG_WARN_DIRECT_OBJC_ISA_USAGE = YES_ERROR;
				CLANG_WARN_DOCUMENTATION_COMMENTS = YES;
				CLANG_WARN_EMPTY_BODY = YES;
				CLANG_WARN_ENUM_CONVERSION = YES;
				CLANG_WARN_INFINITE_RECURSION = YES;
				CLANG_WARN_INT_CONVERSION = YES;
				CLANG_WARN_NON_LITERAL_NULL_CONVERSION = YES;
				CLANG_WARN_OBJC_IMPLICIT_RETAIN_SELF = YES;
				CLANG_WARN_OBJC_LITERAL_CONVERSION = YES;
				CLANG_WARN_OBJC_ROOT_CLASS = YES_ERROR;
				CLANG_WARN_RANGE_LOOP_ANALYSIS = YES;
				CLANG_WARN_STRICT_PROTOTYPES = YES;
				CLANG_WARN_SUSPICIOUS_MOVE = YES;
				CLANG_WARN_UNGUARDED_AVAILABILITY = YES_AGGRESSIVE;
				CLANG_WARN_UNREACHABLE_CODE = YES;
				CLANG_WARN__DUPLICATE_METHOD_MATCH = YES;
				CODE_SIGN_IDENTITY = "iPhone Developer";
				COPY_PHASE_STRIP = NO;
				DEBUG_INFORMATION_FORMAT = "dwarf-with-dsym";
				ENABLE_NS_ASSERTIONS = NO;
				ENABLE_STRICT_OBJC_MSGSEND = YES;
				GCC_C_LANGUAGE_STANDARD = gnu11;
				GCC_NO_COMMON_BLOCKS = YES;
				GCC_WARN_64_TO_32_BIT_CONVERSION = YES;
				GCC_WARN_ABOUT_RETURN_TYPE = YES_ERROR;
				GCC_WARN_UNDECLARED_SELECTOR = YES;
				GCC_WARN_UNINITIALIZED_AUTOS = YES_AGGRESSIVE;
				GCC_WARN_UNUSED_FUNCTION = YES;
				GCC_WARN_UNUSED_VARIABLE = YES;
				IPHONEOS_DEPLOYMENT_TARGET = 12.1;
				MTL_ENABLE_DEBUG_INFO = NO;
				MTL_FAST_MATH = YES;
				SDKROOT = iphoneos;
				VALIDATE_PRODUCT = YES;
			};
			name = Release;
		};
		33415EE221D711BC001C069D /* Debug */ = {
			isa = XCBuildConfiguration;
			buildSettings = {
				ASSETCATALOG_COMPILER_APPICON_NAME = AppIcon;
				CODE_SIGN_STYLE = Automatic;
				DEVELOPMENT_TEAM = YKBW8AGZ9Y;
				INFOPLIST_FILE = "单例模式/Info.plist";
				LD_RUNPATH_SEARCH_PATHS = (
					"$(inherited)",
					"@executable_path/Frameworks",
				);
				PRODUCT_BUNDLE_IDENTIFIER = "com.beijing.allyoga.----";
				PRODUCT_NAME = "$(TARGET_NAME)";
				TARGETED_DEVICE_FAMILY = "1,2";
			};
			name = Debug;
		};
		33415EE321D711BC001C069D /* Release */ = {
			isa = XCBuildConfiguration;
			buildSettings = {
				ASSETCATALOG_COMPILER_APPICON_NAME = AppIcon;
				CODE_SIGN_STYLE = Automatic;
				DEVELOPMENT_TEAM = YKBW8AGZ9Y;
				INFOPLIST_FILE = "单例模式/Info.plist";
				LD_RUNPATH_SEARCH_PATHS = (
					"$(inherited)",
					"@executable_path/Frameworks",
				);
				PRODUCT_BUNDLE_IDENTIFIER = "com.beijing.allyoga.----";
				PRODUCT_NAME = "$(TARGET_NAME)";
				TARGETED_DEVICE_FAMILY = "1,2";
			};
			name = Release;
		};
/* End XCBuildConfiguration section */

/* Begin XCConfigurationList section */
		33415EC621D711BA001C069D /* Build configuration list for PBXProject "单例模式" */ = {
			isa = XCConfigurationList;
			buildConfigurations = (
				33415EDF21D711BC001C069D /* Debug */,
				33415EE021D711BC001C069D /* Release */,
			);
			defaultConfigurationIsVisible = 0;
			defaultConfigurationName = Release;
		};
		33415EE121D711BC001C069D /* Build configuration list for PBXNativeTarget "单例模式" */ = {
			isa = XCConfigurationList;
			buildConfigurations = (
				33415EE221D711BC001C069D /* Debug */,
				33415EE321D711BC001C069D /* Release */,
			);
			defaultConfigurationIsVisible = 0;
			defaultConfigurationName = Release;
		};
/* End XCConfigurationList section */
	};
	rootObject = 33415EC321D711BA001C069D /* Project object */;
}
