// !$*UTF8*$!
{
	archiveVersion = 1;
	classes = {
	};
	objectVersion = 50;
	objects = {

/* Begin PBXBuildFile section */
		33AB417221E58FAC00767678 /* main.m in Sources */ = {isa = PBXBuildFile; fileRef = 33AB417121E58FAC00767678 /* main.m */; };
		33AB41C021E5EA9500767678 /* Houser.m in Sources */ = {isa = PBXBuildFile; fileRef = 33AB41BF21E5EA9500767678 /* Houser.m */; };
		33AB41CF21E5FC4000767678 /* Tenant.m in Sources */ = {isa = PBXBuildFile; fileRef = 33AB41CE21E5FC4000767678 /* Tenant.m */; };
		33AB41D221E5FE7000767678 /* TenantTwo.m in Sources */ = {isa = PBXBuildFile; fileRef = 33AB41D121E5FE7000767678 /* TenantTwo.m */; };
		33AB41D521E5FE7900767678 /* TenantThree.m in Sources */ = {isa = PBXBuildFile; fileRef = 33AB41D421E5FE7900767678 /* TenantThree.m */; };
		33AB41D921E6006200767678 /* BasePerson.m in Sources */ = {isa = PBXBuildFile; fileRef = 33AB41D821E6006200767678 /* BasePerson.m */; };
		33AB41DC21E6007200767678 /* HouseOwner.m in Sources */ = {isa = PBXBuildFile; fileRef = 33AB41DB21E6007200767678 /* HouseOwner.m */; };
		33AB41DF21E6009100767678 /* NewTenant.m in Sources */ = {isa = PBXBuildFile; fileRef = 33AB41DE21E6009100767678 /* NewTenant.m */; };
		33AB41E221E600A200767678 /* ConcreteMediator.m in Sources */ = {isa = PBXBuildFile; fileRef = 33AB41E121E600A200767678 /* ConcreteMediator.m */; };
/* End PBXBuildFile section */

/* Begin PBXCopyFilesBuildPhase section */
		33AB416C21E58FAC00767678 /* CopyFiles */ = {
			isa = PBXCopyFilesBuildPhase;
			buildActionMask = 2147483647;
			dstPath = /usr/share/man/man1/;
			dstSubfolderSpec = 0;
			files = (
			);
			runOnlyForDeploymentPostprocessing = 1;
		};
/* End PBXCopyFilesBuildPhase section */

/* Begin PBXFileReference section */
		33AB416E21E58FAC00767678 /* 中介者模式 */ = {isa = PBXFileReference; explicitFileType = "compiled.mach-o.executable"; includeInIndex = 0; path = "中介者模式"; sourceTree = BUILT_PRODUCTS_DIR; };
		33AB417121E58FAC00767678 /* main.m */ = {isa = PBXFileReference; lastKnownFileType = sourcecode.c.objc; path = main.m; sourceTree = "<group>"; };
		33AB41BE21E5EA9500767678 /* Houser.h */ = {isa = PBXFileReference; lastKnownFileType = sourcecode.c.h; path = Houser.h; sourceTree = "<group>"; };
		33AB41BF21E5EA9500767678 /* Houser.m */ = {isa = PBXFileReference; lastKnownFileType = sourcecode.c.objc; path = Houser.m; sourceTree = "<group>"; };
		33AB41CD21E5FC4000767678 /* Tenant.h */ = {isa = PBXFileReference; lastKnownFileType = sourcecode.c.h; path = Tenant.h; sourceTree = "<group>"; };
		33AB41CE21E5FC4000767678 /* Tenant.m */ = {isa = PBXFileReference; lastKnownFileType = sourcecode.c.objc; path = Tenant.m; sourceTree = "<group>"; };
		33AB41D021E5FE7000767678 /* TenantTwo.h */ = {isa = PBXFileReference; lastKnownFileType = sourcecode.c.h; path = TenantTwo.h; sourceTree = "<group>"; };
		33AB41D121E5FE7000767678 /* TenantTwo.m */ = {isa = PBXFileReference; lastKnownFileType = sourcecode.c.objc; path = TenantTwo.m; sourceTree = "<group>"; };
		33AB41D321E5FE7900767678 /* TenantThree.h */ = {isa = PBXFileReference; lastKnownFileType = sourcecode.c.h; path = TenantThree.h; sourceTree = "<group>"; };
		33AB41D421E5FE7900767678 /* TenantThree.m */ = {isa = PBXFileReference; lastKnownFileType = sourcecode.c.objc; path = TenantThree.m; sourceTree = "<group>"; };
		33AB41D721E6006200767678 /* BasePerson.h */ = {isa = PBXFileReference; lastKnownFileType = sourcecode.c.h; path = BasePerson.h; sourceTree = "<group>"; };
		33AB41D821E6006200767678 /* BasePerson.m */ = {isa = PBXFileReference; lastKnownFileType = sourcecode.c.objc; path = BasePerson.m; sourceTree = "<group>"; };
		33AB41DA21E6007200767678 /* HouseOwner.h */ = {isa = PBXFileReference; lastKnownFileType = sourcecode.c.h; path = HouseOwner.h; sourceTree = "<group>"; };
		33AB41DB21E6007200767678 /* HouseOwner.m */ = {isa = PBXFileReference; lastKnownFileType = sourcecode.c.objc; path = HouseOwner.m; sourceTree = "<group>"; };
		33AB41DD21E6009100767678 /* NewTenant.h */ = {isa = PBXFileReference; lastKnownFileType = sourcecode.c.h; path = NewTenant.h; sourceTree = "<group>"; };
		33AB41DE21E6009100767678 /* NewTenant.m */ = {isa = PBXFileReference; lastKnownFileType = sourcecode.c.objc; path = NewTenant.m; sourceTree = "<group>"; };
		33AB41E021E600A200767678 /* ConcreteMediator.h */ = {isa = PBXFileReference; lastKnownFileType = sourcecode.c.h; path = ConcreteMediator.h; sourceTree = "<group>"; };
		33AB41E121E600A200767678 /* ConcreteMediator.m */ = {isa = PBXFileReference; lastKnownFileType = sourcecode.c.objc; path = ConcreteMediator.m; sourceTree = "<group>"; };
		33AB41E321E600AB00767678 /* MediatorProtocol.h */ = {isa = PBXFileReference; lastKnownFileType = sourcecode.c.h; path = MediatorProtocol.h; sourceTree = "<group>"; };
/* End PBXFileReference section */

/* Begin PBXFrameworksBuildPhase section */
		33AB416B21E58FAC00767678 /* Frameworks */ = {
			isa = PBXFrameworksBuildPhase;
			buildActionMask = 2147483647;
			files = (
			);
			runOnlyForDeploymentPostprocessing = 0;
		};
/* End PBXFrameworksBuildPhase section */

/* Begin PBXGroup section */
		33AB416521E58FAC00767678 = {
			isa = PBXGroup;
			children = (
				33AB417021E58FAC00767678 /* 中介者模式 */,
				33AB416F21E58FAC00767678 /* Products */,
			);
			sourceTree = "<group>";
		};
		33AB416F21E58FAC00767678 /* Products */ = {
			isa = PBXGroup;
			children = (
				33AB416E21E58FAC00767678 /* 中介者模式 */,
			);
			name = Products;
			sourceTree = "<group>";
		};
		33AB417021E58FAC00767678 /* 中介者模式 */ = {
			isa = PBXGroup;
			children = (
				33AB41D621E6004500767678 /* 中介者处理 */,
				33AB41C121E5EAC600767678 /* 普通处理方式 */,
				33AB417121E58FAC00767678 /* main.m */,
			);
			path = "中介者模式";
			sourceTree = "<group>";
		};
		33AB41C121E5EAC600767678 /* 普通处理方式 */ = {
			isa = PBXGroup;
			children = (
				33AB41BE21E5EA9500767678 /* Houser.h */,
				33AB41BF21E5EA9500767678 /* Houser.m */,
				33AB41CD21E5FC4000767678 /* Tenant.h */,
				33AB41CE21E5FC4000767678 /* Tenant.m */,
				33AB41D021E5FE7000767678 /* TenantTwo.h */,
				33AB41D121E5FE7000767678 /* TenantTwo.m */,
				33AB41D321E5FE7900767678 /* TenantThree.h */,
				33AB41D421E5FE7900767678 /* TenantThree.m */,
			);
			path = "普通处理方式";
			sourceTree = "<group>";
		};
		33AB41D621E6004500767678 /* 中介者处理 */ = {
			isa = PBXGroup;
			children = (
				33AB41D721E6006200767678 /* BasePerson.h */,
				33AB41D821E6006200767678 /* BasePerson.m */,
				33AB41DA21E6007200767678 /* HouseOwner.h */,
				33AB41DB21E6007200767678 /* HouseOwner.m */,
				33AB41DD21E6009100767678 /* NewTenant.h */,
				33AB41DE21E6009100767678 /* NewTenant.m */,
				33AB41E021E600A200767678 /* ConcreteMediator.h */,
				33AB41E121E600A200767678 /* ConcreteMediator.m */,
				33AB41E321E600AB00767678 /* MediatorProtocol.h */,
			);
			path = "中介者处理";
			sourceTree = "<group>";
		};
/* End PBXGroup section */

/* Begin PBXNativeTarget section */
		33AB416D21E58FAC00767678 /* 中介者模式 */ = {
			isa = PBXNativeTarget;
			buildConfigurationList = 33AB417521E58FAC00767678 /* Build configuration list for PBXNativeTarget "中介者模式" */;
			buildPhases = (
				33AB416A21E58FAC00767678 /* Sources */,
				33AB416B21E58FAC00767678 /* Frameworks */,
				33AB416C21E58FAC00767678 /* CopyFiles */,
			);
			buildRules = (
			);
			dependencies = (
			);
			name = "中介者模式";
			productName = "中介者模式";
			productReference = 33AB416E21E58FAC00767678 /* 中介者模式 */;
			productType = "com.apple.product-type.tool";
		};
/* End PBXNativeTarget section */

/* Begin PBXProject section */
		33AB416621E58FAC00767678 /* Project object */ = {
			isa = PBXProject;
			attributes = {
				LastUpgradeCheck = 1010;
				ORGANIZATIONNAME = allyoga;
				TargetAttributes = {
					33AB416D21E58FAC00767678 = {
						CreatedOnToolsVersion = 10.1;
					};
				};
			};
			buildConfigurationList = 33AB416921E58FAC00767678 /* Build configuration list for PBXProject "中介者模式" */;
			compatibilityVersion = "Xcode 9.3";
			developmentRegion = en;
			hasScannedForEncodings = 0;
			knownRegions = (
				en,
			);
			mainGroup = 33AB416521E58FAC00767678;
			productRefGroup = 33AB416F21E58FAC00767678 /* Products */;
			projectDirPath = "";
			projectRoot = "";
			targets = (
				33AB416D21E58FAC00767678 /* 中介者模式 */,
			);
		};
/* End PBXProject section */

/* Begin PBXSourcesBuildPhase section */
		33AB416A21E58FAC00767678 /* Sources */ = {
			isa = PBXSourcesBuildPhase;
			buildActionMask = 2147483647;
			files = (
				33AB41DC21E6007200767678 /* HouseOwner.m in Sources */,
				33AB417221E58FAC00767678 /* main.m in Sources */,
				33AB41E221E600A200767678 /* ConcreteMediator.m in Sources */,
				33AB41DF21E6009100767678 /* NewTenant.m in Sources */,
				33AB41D921E6006200767678 /* BasePerson.m in Sources */,
				33AB41C021E5EA9500767678 /* Houser.m in Sources */,
				33AB41D521E5FE7900767678 /* TenantThree.m in Sources */,
				33AB41D221E5FE7000767678 /* TenantTwo.m in Sources */,
				33AB41CF21E5FC4000767678 /* Tenant.m in Sources */,
			);
			runOnlyForDeploymentPostprocessing = 0;
		};
/* End PBXSourcesBuildPhase section */

/* Begin XCBuildConfiguration section */
		33AB417321E58FAC00767678 /* Debug */ = {
			isa = XCBuildConfiguration;
			buildSettings = {
				ALWAYS_SEARCH_USER_PATHS = NO;
				CLANG_ANALYZER_NONNULL = YES;
				CLANG_ANALYZER_NUMBER_OBJECT_CONVERSION = YES_AGGRESSIVE;
				CLANG_CXX_LANGUAGE_STANDARD = "gnu++14";
				CLANG_CXX_LIBRARY = "libc++";
				CLANG_ENABLE_MODULES = YES;
				CLANG_ENABLE_OBJC_ARC = YES;
				CLANG_ENABLE_OBJC_WEAK = YES;
				CLANG_WARN_BLOCK_CAPTURE_AUTORELEASING = YES;
				CLANG_WARN_BOOL_CONVERSION = YES;
				CLANG_WARN_COMMA = YES;
				CLANG_WARN_CONSTANT_CONVERSION = YES;
				CLANG_WARN_DEPRECATED_OBJC_IMPLEMENTATIONS = YES;
				CLANG_WARN_DIRECT_OBJC_ISA_USAGE = YES_ERROR;
				CLANG_WARN_DOCUMENTATION_COMMENTS = YES;
				CLANG_WARN_EMPTY_BODY = YES;
				CLANG_WARN_ENUM_CONVERSION = YES;
				CLANG_WARN_INFINITE_RECURSION = YES;
				CLANG_WARN_INT_CONVERSION = YES;
				CLANG_WARN_NON_LITERAL_NULL_CONVERSION = YES;
				CLANG_WARN_OBJC_IMPLICIT_RETAIN_SELF = YES;
				CLANG_WARN_OBJC_LITERAL_CONVERSION = YES;
				CLANG_WARN_OBJC_ROOT_CLASS = YES_ERROR;
				CLANG_WARN_RANGE_LOOP_ANALYSIS = YES;
				CLANG_WARN_STRICT_PROTOTYPES = YES;
				CLANG_WARN_SUSPICIOUS_MOVE = YES;
				CLANG_WARN_UNGUARDED_AVAILABILITY = YES_AGGRESSIVE;
				CLANG_WARN_UNREACHABLE_CODE = YES;
				CLANG_WARN__DUPLICATE_METHOD_MATCH = YES;
				CODE_SIGN_IDENTITY = "Mac Developer";
				COPY_PHASE_STRIP = NO;
				DEBUG_INFORMATION_FORMAT = dwarf;
				ENABLE_STRICT_OBJC_MSGSEND = YES;
				ENABLE_TESTABILITY = YES;
				GCC_C_LANGUAGE_STANDARD = gnu11;
				GCC_DYNAMIC_NO_PIC = NO;
				GCC_NO_COMMON_BLOCKS = YES;
				GCC_OPTIMIZATION_LEVEL = 0;
				GCC_PREPROCESSOR_DEFINITIONS = (
					"DEBUG=1",
					"$(inherited)",
				);
				GCC_WARN_64_TO_32_BIT_CONVERSION = YES;
				GCC_WARN_ABOUT_RETURN_TYPE = YES_ERROR;
				GCC_WARN_UNDECLARED_SELECTOR = YES;
				GCC_WARN_UNINITIALIZED_AUTOS = YES_AGGRESSIVE;
				GCC_WARN_UNUSED_FUNCTION = YES;
				GCC_WARN_UNUSED_VARIABLE = YES;
				MACOSX_DEPLOYMENT_TARGET = 10.14;
				MTL_ENABLE_DEBUG_INFO = INCLUDE_SOURCE;
				MTL_FAST_MATH = YES;
				ONLY_ACTIVE_ARCH = YES;
				SDKROOT = macosx;
			};
			name = Debug;
		};
		33AB417421E58FAC00767678 /* Release */ = {
			isa = XCBuildConfiguration;
			buildSettings = {
				ALWAYS_SEARCH_USER_PATHS = NO;
				CLANG_ANALYZER_NONNULL = YES;
				CLANG_ANALYZER_NUMBER_OBJECT_CONVERSION = YES_AGGRESSIVE;
				CLANG_CXX_LANGUAGE_STANDARD = "gnu++14";
				CLANG_CXX_LIBRARY = "libc++";
				CLANG_ENABLE_MODULES = YES;
				CLANG_ENABLE_OBJC_ARC = YES;
				CLANG_ENABLE_OBJC_WEAK = YES;
				CLANG_WARN_BLOCK_CAPTURE_AUTORELEASING = YES;
				CLANG_WARN_BOOL_CONVERSION = YES;
				CLANG_WARN_COMMA = YES;
				CLANG_WARN_CONSTANT_CONVERSION = YES;
				CLANG_WARN_DEPRECATED_OBJC_IMPLEMENTATIONS = YES;
				CLANG_WARN_DIRECT_OBJC_ISA_USAGE = YES_ERROR;
				CLANG_WARN_DOCUMENTATION_COMMENTS = YES;
				CLANG_WARN_EMPTY_BODY = YES;
				CLANG_WARN_ENUM_CONVERSION = YES;
				CLANG_WARN_INFINITE_RECURSION = YES;
				CLANG_WARN_INT_CONVERSION = YES;
				CLANG_WARN_NON_LITERAL_NULL_CONVERSION = YES;
				CLANG_WARN_OBJC_IMPLICIT_RETAIN_SELF = YES;
				CLANG_WARN_OBJC_LITERAL_CONVERSION = YES;
				CLANG_WARN_OBJC_ROOT_CLASS = YES_ERROR;
				CLANG_WARN_RANGE_LOOP_ANALYSIS = YES;
				CLANG_WARN_STRICT_PROTOTYPES = YES;
				CLANG_WARN_SUSPICIOUS_MOVE = YES;
				CLANG_WARN_UNGUARDED_AVAILABILITY = YES_AGGRESSIVE;
				CLANG_WARN_UNREACHABLE_CODE = YES;
				CLANG_WARN__DUPLICATE_METHOD_MATCH = YES;
				CODE_SIGN_IDENTITY = "Mac Developer";
				COPY_PHASE_STRIP = NO;
				DEBUG_INFORMATION_FORMAT = "dwarf-with-dsym";
				ENABLE_NS_ASSERTIONS = NO;
				ENABLE_STRICT_OBJC_MSGSEND = YES;
				GCC_C_LANGUAGE_STANDARD = gnu11;
				GCC_NO_COMMON_BLOCKS = YES;
				GCC_WARN_64_TO_32_BIT_CONVERSION = YES;
				GCC_WARN_ABOUT_RETURN_TYPE = YES_ERROR;
				GCC_WARN_UNDECLARED_SELECTOR = YES;
				GCC_WARN_UNINITIALIZED_AUTOS = YES_AGGRESSIVE;
				GCC_WARN_UNUSED_FUNCTION = YES;
				GCC_WARN_UNUSED_VARIABLE = YES;
				MACOSX_DEPLOYMENT_TARGET = 10.14;
				MTL_ENABLE_DEBUG_INFO = NO;
				MTL_FAST_MATH = YES;
				SDKROOT = macosx;
			};
			name = Release;
		};
		33AB417621E58FAC00767678 /* Debug */ = {
			isa = XCBuildConfiguration;
			buildSettings = {
				CODE_SIGN_STYLE = Automatic;
				DEVELOPMENT_TEAM = YKBW8AGZ9Y;
				PRODUCT_NAME = "$(TARGET_NAME)";
			};
			name = Debug;
		};
		33AB417721E58FAC00767678 /* Release */ = {
			isa = XCBuildConfiguration;
			buildSettings = {
				CODE_SIGN_STYLE = Automatic;
				DEVELOPMENT_TEAM = YKBW8AGZ9Y;
				PRODUCT_NAME = "$(TARGET_NAME)";
			};
			name = Release;
		};
/* End XCBuildConfiguration section */

/* Begin XCConfigurationList section */
		33AB416921E58FAC00767678 /* Build configuration list for PBXProject "中介者模式" */ = {
			isa = XCConfigurationList;
			buildConfigurations = (
				33AB417321E58FAC00767678 /* Debug */,
				33AB417421E58FAC00767678 /* Release */,
			);
			defaultConfigurationIsVisible = 0;
			defaultConfigurationName = Release;
		};
		33AB417521E58FAC00767678 /* Build configuration list for PBXNativeTarget "中介者模式" */ = {
			isa = XCConfigurationList;
			buildConfigurations = (
				33AB417621E58FAC00767678 /* Debug */,
				33AB417721E58FAC00767678 /* Release */,
			);
			defaultConfigurationIsVisible = 0;
			defaultConfigurationName = Release;
		};
/* End XCConfigurationList section */
	};
	rootObject = 33AB416621E58FAC00767678 /* Project object */;
}
